// !$*UTF8*$!
{
	archiveVersion = 1;
	classes = {
	};
	objectVersion = 46;
	objects = {

/* Begin PBXBuildFile section */
		4232A4361C3D09D800A284BB /* ClientKeyExchange.c in Sources */ = {isa = PBXBuildFile; fileRef = 4232A4351C3D09D800A284BB /* ClientKeyExchange.c */; };
		4232A4371C3D1BDD00A284BB /* ClientKeyExchange.c in Sources */ = {isa = PBXBuildFile; fileRef = 4232A4351C3D09D800A284BB /* ClientKeyExchange.c */; };
		42420B321C31A7DB002C0585 /* ServerClientBasic.c in Sources */ = {isa = PBXBuildFile; fileRef = 42420B191C31A7C5002C0585 /* ServerClientBasic.c */; };
		42420B351C31A7E2002C0585 /* clientBasic.c in Sources */ = {isa = PBXBuildFile; fileRef = 42420B1D1C31A7C5002C0585 /* clientBasic.c */; };
		42420B5C1C31ABBA002C0585 /* ServerClientBasic.c in Sources */ = {isa = PBXBuildFile; fileRef = 42420B191C31A7C5002C0585 /* ServerClientBasic.c */; };
		42420B5F1C31ABC0002C0585 /* serverBasic.c in Sources */ = {isa = PBXBuildFile; fileRef = 42420B201C31A7C5002C0585 /* serverBasic.c */; };
		42420B601C31ABD8002C0585 /* Certificate.c in Sources */ = {isa = PBXBuildFile; fileRef = 42420B171C31A7C5002C0585 /* Certificate.c */; };
		42420B611C31ABD8002C0585 /* ServerClientHello.c in Sources */ = {isa = PBXBuildFile; fileRef = 42420B181C31A7C5002C0585 /* ServerClientHello.c */; };
		42420B621C31ABD8002C0585 /* ServerClientBasic.c in Sources */ = {isa = PBXBuildFile; fileRef = 42420B191C31A7C5002C0585 /* ServerClientBasic.c */; };
		42420B631C31ABD8002C0585 /* ServerClientHandshakeProtocol.c in Sources */ = {isa = PBXBuildFile; fileRef = 42420B1A1C31A7C5002C0585 /* ServerClientHandshakeProtocol.c */; };
		42420B641C31ABD8002C0585 /* ServerClientRecordProtocol.c in Sources */ = {isa = PBXBuildFile; fileRef = 42420B1B1C31A7C5002C0585 /* ServerClientRecordProtocol.c */; };
		42420B651C31ABE5002C0585 /* serverRecord.c in Sources */ = {isa = PBXBuildFile; fileRef = 42420B221C31A7C5002C0585 /* serverRecord.c */; };
		42420B661C31ABEF002C0585 /* Certificate.c in Sources */ = {isa = PBXBuildFile; fileRef = 42420B171C31A7C5002C0585 /* Certificate.c */; };
		42420B671C31ABEF002C0585 /* ServerClientHello.c in Sources */ = {isa = PBXBuildFile; fileRef = 42420B181C31A7C5002C0585 /* ServerClientHello.c */; };
		42420B681C31ABEF002C0585 /* ServerClientBasic.c in Sources */ = {isa = PBXBuildFile; fileRef = 42420B191C31A7C5002C0585 /* ServerClientBasic.c */; };
		42420B691C31ABEF002C0585 /* ServerClientHandshakeProtocol.c in Sources */ = {isa = PBXBuildFile; fileRef = 42420B1A1C31A7C5002C0585 /* ServerClientHandshakeProtocol.c */; };
		42420B6A1C31ABEF002C0585 /* ServerClientRecordProtocol.c in Sources */ = {isa = PBXBuildFile; fileRef = 42420B1B1C31A7C5002C0585 /* ServerClientRecordProtocol.c */; };
		42420B6B1C31ABEF002C0585 /* clientRecord.c in Sources */ = {isa = PBXBuildFile; fileRef = 42420B1F1C31A7C5002C0585 /* clientRecord.c */; };
		42420B6C1C31ABF8002C0585 /* Certificate.c in Sources */ = {isa = PBXBuildFile; fileRef = 42420B171C31A7C5002C0585 /* Certificate.c */; };
		42420B6D1C31ABF8002C0585 /* ServerClientHello.c in Sources */ = {isa = PBXBuildFile; fileRef = 42420B181C31A7C5002C0585 /* ServerClientHello.c */; };
		42420B6E1C31ABF8002C0585 /* ServerClientBasic.c in Sources */ = {isa = PBXBuildFile; fileRef = 42420B191C31A7C5002C0585 /* ServerClientBasic.c */; };
		42420B6F1C31ABF8002C0585 /* ServerClientHandshakeProtocol.c in Sources */ = {isa = PBXBuildFile; fileRef = 42420B1A1C31A7C5002C0585 /* ServerClientHandshakeProtocol.c */; };
		42420B701C31ABF8002C0585 /* ServerClientRecordProtocol.c in Sources */ = {isa = PBXBuildFile; fileRef = 42420B1B1C31A7C5002C0585 /* ServerClientRecordProtocol.c */; };
		42420B711C31ABF8002C0585 /* serverHandshake.c in Sources */ = {isa = PBXBuildFile; fileRef = 42420B211C31A7C5002C0585 /* serverHandshake.c */; };
		42420B721C31AC00002C0585 /* Certificate.c in Sources */ = {isa = PBXBuildFile; fileRef = 42420B171C31A7C5002C0585 /* Certificate.c */; };
		42420B731C31AC00002C0585 /* ServerClientHello.c in Sources */ = {isa = PBXBuildFile; fileRef = 42420B181C31A7C5002C0585 /* ServerClientHello.c */; };
		42420B741C31AC00002C0585 /* ServerClientBasic.c in Sources */ = {isa = PBXBuildFile; fileRef = 42420B191C31A7C5002C0585 /* ServerClientBasic.c */; };
		42420B751C31AC00002C0585 /* ServerClientHandshakeProtocol.c in Sources */ = {isa = PBXBuildFile; fileRef = 42420B1A1C31A7C5002C0585 /* ServerClientHandshakeProtocol.c */; };
		42420B761C31AC00002C0585 /* ServerClientRecordProtocol.c in Sources */ = {isa = PBXBuildFile; fileRef = 42420B1B1C31A7C5002C0585 /* ServerClientRecordProtocol.c */; };
		42420B771C31AC00002C0585 /* clientHandshake.c in Sources */ = {isa = PBXBuildFile; fileRef = 42420B1E1C31A7C5002C0585 /* clientHandshake.c */; };
		427681A81C32AE7100B075EB /* Certificate.c in Sources */ = {isa = PBXBuildFile; fileRef = 42420B171C31A7C5002C0585 /* Certificate.c */; };
		427681A91C32AE7100B075EB /* ServerClientHello.c in Sources */ = {isa = PBXBuildFile; fileRef = 42420B181C31A7C5002C0585 /* ServerClientHello.c */; };
		427681AA1C32AE7100B075EB /* ServerClientBasic.c in Sources */ = {isa = PBXBuildFile; fileRef = 42420B191C31A7C5002C0585 /* ServerClientBasic.c */; };
		427681AB1C32AE7100B075EB /* ServerClientHandshakeProtocol.c in Sources */ = {isa = PBXBuildFile; fileRef = 42420B1A1C31A7C5002C0585 /* ServerClientHandshakeProtocol.c */; };
		427681AC1C32AE7100B075EB /* ServerClientRecordProtocol.c in Sources */ = {isa = PBXBuildFile; fileRef = 42420B1B1C31A7C5002C0585 /* ServerClientRecordProtocol.c */; };
		42AEDA971C34561E009DF6FD /* Certificate.c in Sources */ = {isa = PBXBuildFile; fileRef = 42420B171C31A7C5002C0585 /* Certificate.c */; };
		42AEDA981C34561E009DF6FD /* ServerClientHello.c in Sources */ = {isa = PBXBuildFile; fileRef = 42420B181C31A7C5002C0585 /* ServerClientHello.c */; };
		42AEDA991C34561E009DF6FD /* ServerClientBasic.c in Sources */ = {isa = PBXBuildFile; fileRef = 42420B191C31A7C5002C0585 /* ServerClientBasic.c */; };
		42AEDA9A1C34561E009DF6FD /* ServerClientHandshakeProtocol.c in Sources */ = {isa = PBXBuildFile; fileRef = 42420B1A1C31A7C5002C0585 /* ServerClientHandshakeProtocol.c */; };
		42AEDA9B1C34561E009DF6FD /* ServerClientRecordProtocol.c in Sources */ = {isa = PBXBuildFile; fileRef = 42420B1B1C31A7C5002C0585 /* ServerClientRecordProtocol.c */; };
		42AEDA9C1C350CC0009DF6FD /* Certificate.c in Sources */ = {isa = PBXBuildFile; fileRef = 42420B171C31A7C5002C0585 /* Certificate.c */; };
		42AEDA9D1C350CC0009DF6FD /* ServerClientHello.c in Sources */ = {isa = PBXBuildFile; fileRef = 42420B181C31A7C5002C0585 /* ServerClientHello.c */; };
		42AEDA9E1C350CC0009DF6FD /* ServerClientBasic.c in Sources */ = {isa = PBXBuildFile; fileRef = 42420B191C31A7C5002C0585 /* ServerClientBasic.c */; };
		42AEDA9F1C350CC0009DF6FD /* ServerClientHandshakeProtocol.c in Sources */ = {isa = PBXBuildFile; fileRef = 42420B1A1C31A7C5002C0585 /* ServerClientHandshakeProtocol.c */; };
		42AEDAA01C350CC0009DF6FD /* ServerClientRecordProtocol.c in Sources */ = {isa = PBXBuildFile; fileRef = 42420B1B1C31A7C5002C0585 /* ServerClientRecordProtocol.c */; };
		42AEDAAE1C3543CA009DF6FD /* SSLClient.c in Sources */ = {isa = PBXBuildFile; fileRef = 42AEDAAD1C3543CA009DF6FD /* SSLClient.c */; };
		42AEDAB01C3543D1009DF6FD /* SSLServer.c in Sources */ = {isa = PBXBuildFile; fileRef = 42AEDAAF1C3543D1009DF6FD /* SSLServer.c */; };
		42D5D7C01C3B0A8D007E67E7 /* testCertificate.c in Sources */ = {isa = PBXBuildFile; fileRef = 42D5D7BF1C3B0A8D007E67E7 /* testCertificate.c */; };
/* End PBXBuildFile section */

/* Begin PBXContainerItemProxy section */
		42FE81C11C3D246A00198C1C /* PBXContainerItemProxy */ = {
			isa = PBXContainerItemProxy;
			containerPortal = 42F9F8081C2AE4AB00270B8C /* Project object */;
			proxyType = 1;
			remoteGlobalIDString = 42AEDA7D1C3455F2009DF6FD;
			remoteInfo = SSLClient;
		};
		42FE81C31C3D247800198C1C /* PBXContainerItemProxy */ = {
			isa = PBXContainerItemProxy;
			containerPortal = 42F9F8081C2AE4AB00270B8C /* Project object */;
			proxyType = 1;
			remoteGlobalIDString = 42AEDA881C3455FC009DF6FD;
			remoteInfo = SSLServer;
		};
/* End PBXContainerItemProxy section */

/* Begin PBXCopyFilesBuildPhase section */
		4211400B1C3050B800122E20 /* CopyFiles */ = {
			isa = PBXCopyFilesBuildPhase;
			buildActionMask = 2147483647;
			dstPath = /usr/share/man/man1/;
			dstSubfolderSpec = 0;
			files = (
			);
			runOnlyForDeploymentPostprocessing = 1;
		};
		42AEDA7C1C3455F2009DF6FD /* CopyFiles */ = {
			isa = PBXCopyFilesBuildPhase;
			buildActionMask = 2147483647;
			dstPath = /usr/share/man/man1/;
			dstSubfolderSpec = 0;
			files = (
			);
			runOnlyForDeploymentPostprocessing = 1;
		};
		42AEDA871C3455FC009DF6FD /* CopyFiles */ = {
			isa = PBXCopyFilesBuildPhase;
			buildActionMask = 2147483647;
			dstPath = /usr/share/man/man1/;
			dstSubfolderSpec = 0;
			files = (
			);
			runOnlyForDeploymentPostprocessing = 1;
		};
		42C5DF531C2B11620038A3D9 /* CopyFiles */ = {
			isa = PBXCopyFilesBuildPhase;
			buildActionMask = 2147483647;
			dstPath = /usr/share/man/man1/;
			dstSubfolderSpec = 0;
			files = (
			);
			runOnlyForDeploymentPostprocessing = 1;
		};
		42C5DF5E1C2B11870038A3D9 /* CopyFiles */ = {
			isa = PBXCopyFilesBuildPhase;
			buildActionMask = 2147483647;
			dstPath = /usr/share/man/man1/;
			dstSubfolderSpec = 0;
			files = (
			);
			runOnlyForDeploymentPostprocessing = 1;
		};
		42C5DF7E1C2BEE7A0038A3D9 /* CopyFiles */ = {
			isa = PBXCopyFilesBuildPhase;
			buildActionMask = 2147483647;
			dstPath = /usr/share/man/man1/;
			dstSubfolderSpec = 0;
			files = (
			);
			runOnlyForDeploymentPostprocessing = 1;
		};
		42DF50111C32946E00DD7E20 /* CopyFiles */ = {
			isa = PBXCopyFilesBuildPhase;
			buildActionMask = 2147483647;
			dstPath = /usr/share/man/man1/;
			dstSubfolderSpec = 0;
			files = (
			);
			runOnlyForDeploymentPostprocessing = 1;
		};
		42F9F82C1C2AEA8600270B8C /* CopyFiles */ = {
			isa = PBXCopyFilesBuildPhase;
			buildActionMask = 2147483647;
			dstPath = /usr/share/man/man1/;
			dstSubfolderSpec = 0;
			files = (
			);
			runOnlyForDeploymentPostprocessing = 1;
		};
		42F9F8371C2AEAA100270B8C /* CopyFiles */ = {
			isa = PBXCopyFilesBuildPhase;
			buildActionMask = 2147483647;
			dstPath = /usr/share/man/man1/;
			dstSubfolderSpec = 0;
			files = (
			);
			runOnlyForDeploymentPostprocessing = 1;
		};
/* End PBXCopyFilesBuildPhase section */

/* Begin PBXFileReference section */
		4211400D1C3050B800122E20 /* clientHandshake */ = {isa = PBXFileReference; explicitFileType = "compiled.mach-o.executable"; includeInIndex = 0; path = clientHandshake; sourceTree = BUILT_PRODUCTS_DIR; };
		4232A4341C3D09CB00A284BB /* ClientKeyExchange.h */ = {isa = PBXFileReference; fileEncoding = 4; lastKnownFileType = sourcecode.c.h; path = ClientKeyExchange.h; sourceTree = "<group>"; };
		4232A4351C3D09D800A284BB /* ClientKeyExchange.c */ = {isa = PBXFileReference; fileEncoding = 4; lastKnownFileType = sourcecode.c.c; path = ClientKeyExchange.c; sourceTree = "<group>"; };
		42420B111C31A7C5002C0585 /* LICENSE */ = {isa = PBXFileReference; fileEncoding = 4; lastKnownFileType = text; name = LICENSE; path = ../Project/LICENSE; sourceTree = "<group>"; };
		42420B121C31A7C5002C0585 /* Makefile */ = {isa = PBXFileReference; fileEncoding = 4; lastKnownFileType = sourcecode.make; name = Makefile; path = ../Project/Makefile; sourceTree = "<group>"; };
		42420B131C31A7C5002C0585 /* Note */ = {isa = PBXFileReference; fileEncoding = 4; lastKnownFileType = text; name = Note; path = ../Project/Note; sourceTree = "<group>"; };
		42420B141C31A7C5002C0585 /* README.md */ = {isa = PBXFileReference; fileEncoding = 4; lastKnownFileType = net.daringfireball.markdown; name = README.md; path = ../Project/README.md; sourceTree = "<group>"; };
		42420B171C31A7C5002C0585 /* Certificate.c */ = {isa = PBXFileReference; fileEncoding = 4; lastKnownFileType = sourcecode.c.c; path = Certificate.c; sourceTree = "<group>"; };
		42420B181C31A7C5002C0585 /* ServerClientHello.c */ = {isa = PBXFileReference; fileEncoding = 4; lastKnownFileType = sourcecode.c.c; path = ServerClientHello.c; sourceTree = "<group>"; };
		42420B191C31A7C5002C0585 /* ServerClientBasic.c */ = {isa = PBXFileReference; fileEncoding = 4; lastKnownFileType = sourcecode.c.c; path = ServerClientBasic.c; sourceTree = "<group>"; };
		42420B1A1C31A7C5002C0585 /* ServerClientHandshakeProtocol.c */ = {isa = PBXFileReference; fileEncoding = 4; lastKnownFileType = sourcecode.c.c; path = ServerClientHandshakeProtocol.c; sourceTree = "<group>"; };
		42420B1B1C31A7C5002C0585 /* ServerClientRecordProtocol.c */ = {isa = PBXFileReference; fileEncoding = 4; lastKnownFileType = sourcecode.c.c; path = ServerClientRecordProtocol.c; sourceTree = "<group>"; };
		42420B1D1C31A7C5002C0585 /* clientBasic.c */ = {isa = PBXFileReference; fileEncoding = 4; lastKnownFileType = sourcecode.c.c; path = clientBasic.c; sourceTree = "<group>"; };
		42420B1E1C31A7C5002C0585 /* clientHandshake.c */ = {isa = PBXFileReference; fileEncoding = 4; lastKnownFileType = sourcecode.c.c; path = clientHandshake.c; sourceTree = "<group>"; };
		42420B1F1C31A7C5002C0585 /* clientRecord.c */ = {isa = PBXFileReference; fileEncoding = 4; lastKnownFileType = sourcecode.c.c; path = clientRecord.c; sourceTree = "<group>"; };
		42420B201C31A7C5002C0585 /* serverBasic.c */ = {isa = PBXFileReference; fileEncoding = 4; lastKnownFileType = sourcecode.c.c; path = serverBasic.c; sourceTree = "<group>"; };
		42420B211C31A7C5002C0585 /* serverHandshake.c */ = {isa = PBXFileReference; fileEncoding = 4; lastKnownFileType = sourcecode.c.c; path = serverHandshake.c; sourceTree = "<group>"; };
		42420B221C31A7C5002C0585 /* serverRecord.c */ = {isa = PBXFileReference; fileEncoding = 4; lastKnownFileType = sourcecode.c.c; path = serverRecord.c; sourceTree = "<group>"; };
		42AEDA7E1C3455F2009DF6FD /* SSLClient */ = {isa = PBXFileReference; explicitFileType = "compiled.mach-o.executable"; includeInIndex = 0; path = SSLClient; sourceTree = BUILT_PRODUCTS_DIR; };
		42AEDA891C3455FC009DF6FD /* SSLServer */ = {isa = PBXFileReference; explicitFileType = "compiled.mach-o.executable"; includeInIndex = 0; path = SSLServer; sourceTree = BUILT_PRODUCTS_DIR; };
		42AEDAA61C3543BA009DF6FD /* handshakeConstants.h */ = {isa = PBXFileReference; lastKnownFileType = sourcecode.c.h; path = handshakeConstants.h; sourceTree = "<group>"; };
		42AEDAA81C3543BA009DF6FD /* Certificate.h */ = {isa = PBXFileReference; lastKnownFileType = sourcecode.c.h; path = Certificate.h; sourceTree = "<group>"; };
		42AEDAA91C3543BA009DF6FD /* ServerClientHello.h */ = {isa = PBXFileReference; lastKnownFileType = sourcecode.c.h; path = ServerClientHello.h; sourceTree = "<group>"; };
		42AEDAAA1C3543BA009DF6FD /* ServerClientBasic.h */ = {isa = PBXFileReference; lastKnownFileType = sourcecode.c.h; path = ServerClientBasic.h; sourceTree = "<group>"; };
		42AEDAAB1C3543BA009DF6FD /* ServerClientHandshakeProtocol.h */ = {isa = PBXFileReference; lastKnownFileType = sourcecode.c.h; path = ServerClientHandshakeProtocol.h; sourceTree = "<group>"; };
		42AEDAAC1C3543BA009DF6FD /* ServerClientRecordProtocol.h */ = {isa = PBXFileReference; lastKnownFileType = sourcecode.c.h; path = ServerClientRecordProtocol.h; sourceTree = "<group>"; };
		42AEDAAD1C3543CA009DF6FD /* SSLClient.c */ = {isa = PBXFileReference; fileEncoding = 4; lastKnownFileType = sourcecode.c.c; name = SSLClient.c; path = src/SSLClient.c; sourceTree = "<group>"; };
		42AEDAAF1C3543D1009DF6FD /* SSLServer.c */ = {isa = PBXFileReference; fileEncoding = 4; lastKnownFileType = sourcecode.c.c; name = SSLServer.c; path = src/SSLServer.c; sourceTree = "<group>"; };
		42C5DF551C2B11620038A3D9 /* serverRecord */ = {isa = PBXFileReference; explicitFileType = "compiled.mach-o.executable"; includeInIndex = 0; path = serverRecord; sourceTree = BUILT_PRODUCTS_DIR; };
		42C5DF601C2B11870038A3D9 /* clientRecord */ = {isa = PBXFileReference; explicitFileType = "compiled.mach-o.executable"; includeInIndex = 0; path = clientRecord; sourceTree = BUILT_PRODUCTS_DIR; };
		42C5DF801C2BEE7A0038A3D9 /* serverHandshake */ = {isa = PBXFileReference; explicitFileType = "compiled.mach-o.executable"; includeInIndex = 0; path = serverHandshake; sourceTree = BUILT_PRODUCTS_DIR; };
		42D5D7BF1C3B0A8D007E67E7 /* testCertificate.c */ = {isa = PBXFileReference; fileEncoding = 4; lastKnownFileType = sourcecode.c.c; path = testCertificate.c; sourceTree = "<group>"; };
		42DF50131C32946E00DD7E20 /* certificateTest */ = {isa = PBXFileReference; explicitFileType = "compiled.mach-o.executable"; includeInIndex = 0; path = certificateTest; sourceTree = BUILT_PRODUCTS_DIR; };
		42F9F82E1C2AEA8600270B8C /* clientBasic */ = {isa = PBXFileReference; explicitFileType = "compiled.mach-o.executable"; includeInIndex = 0; path = clientBasic; sourceTree = BUILT_PRODUCTS_DIR; };
		42F9F8391C2AEAA100270B8C /* serverBasic */ = {isa = PBXFileReference; explicitFileType = "compiled.mach-o.executable"; includeInIndex = 0; path = serverBasic; sourceTree = BUILT_PRODUCTS_DIR; };
/* End PBXFileReference section */

/* Begin PBXFrameworksBuildPhase section */
		4211400A1C3050B800122E20 /* Frameworks */ = {
			isa = PBXFrameworksBuildPhase;
			buildActionMask = 2147483647;
			files = (
			);
			runOnlyForDeploymentPostprocessing = 0;
		};
		42AEDA7B1C3455F2009DF6FD /* Frameworks */ = {
			isa = PBXFrameworksBuildPhase;
			buildActionMask = 2147483647;
			files = (
			);
			runOnlyForDeploymentPostprocessing = 0;
		};
		42AEDA861C3455FC009DF6FD /* Frameworks */ = {
			isa = PBXFrameworksBuildPhase;
			buildActionMask = 2147483647;
			files = (
			);
			runOnlyForDeploymentPostprocessing = 0;
		};
		42C5DF521C2B11620038A3D9 /* Frameworks */ = {
			isa = PBXFrameworksBuildPhase;
			buildActionMask = 2147483647;
			files = (
			);
			runOnlyForDeploymentPostprocessing = 0;
		};
		42C5DF5D1C2B11870038A3D9 /* Frameworks */ = {
			isa = PBXFrameworksBuildPhase;
			buildActionMask = 2147483647;
			files = (
			);
			runOnlyForDeploymentPostprocessing = 0;
		};
		42C5DF7D1C2BEE7A0038A3D9 /* Frameworks */ = {
			isa = PBXFrameworksBuildPhase;
			buildActionMask = 2147483647;
			files = (
			);
			runOnlyForDeploymentPostprocessing = 0;
		};
		42DF50101C32946E00DD7E20 /* Frameworks */ = {
			isa = PBXFrameworksBuildPhase;
			buildActionMask = 2147483647;
			files = (
			);
			runOnlyForDeploymentPostprocessing = 0;
		};
		42F9F82B1C2AEA8600270B8C /* Frameworks */ = {
			isa = PBXFrameworksBuildPhase;
			buildActionMask = 2147483647;
			files = (
			);
			runOnlyForDeploymentPostprocessing = 0;
		};
		42F9F8361C2AEAA100270B8C /* Frameworks */ = {
			isa = PBXFrameworksBuildPhase;
			buildActionMask = 2147483647;
			files = (
			);
			runOnlyForDeploymentPostprocessing = 0;
		};
/* End PBXFrameworksBuildPhase section */

/* Begin PBXGroup section */
		42420B151C31A7C5002C0585 /* src */ = {
			isa = PBXGroup;
			children = (
				42420B161C31A7C5002C0585 /* HandshakeMessages */,
				42420B191C31A7C5002C0585 /* ServerClientBasic.c */,
				42420B1A1C31A7C5002C0585 /* ServerClientHandshakeProtocol.c */,
				42420B1B1C31A7C5002C0585 /* ServerClientRecordProtocol.c */,
			);
			name = src;
			path = ../Project/src;
			sourceTree = "<group>";
		};
		42420B161C31A7C5002C0585 /* HandshakeMessages */ = {
			isa = PBXGroup;
			children = (
				4232A4351C3D09D800A284BB /* ClientKeyExchange.c */,
				42420B171C31A7C5002C0585 /* Certificate.c */,
				42420B181C31A7C5002C0585 /* ServerClientHello.c */,
			);
			path = HandshakeMessages;
			sourceTree = "<group>";
		};
		42420B1C1C31A7C5002C0585 /* tests */ = {
			isa = PBXGroup;
			children = (
				42D5D7BF1C3B0A8D007E67E7 /* testCertificate.c */,
				42420B1D1C31A7C5002C0585 /* clientBasic.c */,
				42420B1E1C31A7C5002C0585 /* clientHandshake.c */,
				42420B1F1C31A7C5002C0585 /* clientRecord.c */,
				42420B201C31A7C5002C0585 /* serverBasic.c */,
				42420B211C31A7C5002C0585 /* serverHandshake.c */,
				42420B221C31A7C5002C0585 /* serverRecord.c */,
			);
			name = tests;
			path = ../Project/tests;
			sourceTree = "<group>";
		};
		42AEDAA51C3543BA009DF6FD /* include */ = {
			isa = PBXGroup;
			children = (
				42AEDAA61C3543BA009DF6FD /* handshakeConstants.h */,
				42AEDAA71C3543BA009DF6FD /* HandshakeMessages */,
				42AEDAAA1C3543BA009DF6FD /* ServerClientBasic.h */,
				42AEDAAB1C3543BA009DF6FD /* ServerClientHandshakeProtocol.h */,
				42AEDAAC1C3543BA009DF6FD /* ServerClientRecordProtocol.h */,
			);
			path = include;
			sourceTree = "<group>";
		};
		42AEDAA71C3543BA009DF6FD /* HandshakeMessages */ = {
			isa = PBXGroup;
			children = (
				4232A4341C3D09CB00A284BB /* ClientKeyExchange.h */,
				42AEDAA81C3543BA009DF6FD /* Certificate.h */,
				42AEDAA91C3543BA009DF6FD /* ServerClientHello.h */,
			);
			path = HandshakeMessages;
			sourceTree = "<group>";
		};
		42F9F8071C2AE4AB00270B8C = {
			isa = PBXGroup;
			children = (
				42AEDAAD1C3543CA009DF6FD /* SSLClient.c */,
				42AEDAAF1C3543D1009DF6FD /* SSLServer.c */,
				42AEDAA51C3543BA009DF6FD /* include */,
				42420B151C31A7C5002C0585 /* src */,
				42420B1C1C31A7C5002C0585 /* tests */,
				42F9F8111C2AE4AB00270B8C /* Products */,
				42420B111C31A7C5002C0585 /* LICENSE */,
				42420B121C31A7C5002C0585 /* Makefile */,
				42420B131C31A7C5002C0585 /* Note */,
				42420B141C31A7C5002C0585 /* README.md */,
			);
			sourceTree = "<group>";
		};
		42F9F8111C2AE4AB00270B8C /* Products */ = {
			isa = PBXGroup;
			children = (
				42F9F82E1C2AEA8600270B8C /* clientBasic */,
				42F9F8391C2AEAA100270B8C /* serverBasic */,
				42C5DF551C2B11620038A3D9 /* serverRecord */,
				42C5DF601C2B11870038A3D9 /* clientRecord */,
				42C5DF801C2BEE7A0038A3D9 /* serverHandshake */,
				4211400D1C3050B800122E20 /* clientHandshake */,
				42DF50131C32946E00DD7E20 /* certificateTest */,
				42AEDA7E1C3455F2009DF6FD /* SSLClient */,
				42AEDA891C3455FC009DF6FD /* SSLServer */,
			);
			name = Products;
			sourceTree = "<group>";
		};
/* End PBXGroup section */

/* Begin PBXNativeTarget section */
		4211400C1C3050B800122E20 /* clientHandshake */ = {
			isa = PBXNativeTarget;
			buildConfigurationList = 421140111C3050B800122E20 /* Build configuration list for PBXNativeTarget "clientHandshake" */;
			buildPhases = (
				421140091C3050B800122E20 /* Sources */,
				4211400A1C3050B800122E20 /* Frameworks */,
				4211400B1C3050B800122E20 /* CopyFiles */,
			);
			buildRules = (
			);
			dependencies = (
			);
			name = clientHandshake;
			productName = clientHandshake;
			productReference = 4211400D1C3050B800122E20 /* clientHandshake */;
			productType = "com.apple.product-type.tool";
		};
		42AEDA7D1C3455F2009DF6FD /* SSLClient */ = {
			isa = PBXNativeTarget;
			buildConfigurationList = 42AEDA821C3455F2009DF6FD /* Build configuration list for PBXNativeTarget "SSLClient" */;
			buildPhases = (
				42AEDA7A1C3455F2009DF6FD /* Sources */,
				42AEDA7B1C3455F2009DF6FD /* Frameworks */,
				42AEDA7C1C3455F2009DF6FD /* CopyFiles */,
			);
			buildRules = (
			);
			dependencies = (
				42FE81C41C3D247800198C1C /* PBXTargetDependency */,
			);
			name = SSLClient;
			productName = SSLClient;
			productReference = 42AEDA7E1C3455F2009DF6FD /* SSLClient */;
			productType = "com.apple.product-type.tool";
		};
		42AEDA881C3455FC009DF6FD /* SSLServer */ = {
			isa = PBXNativeTarget;
			buildConfigurationList = 42AEDA8D1C3455FC009DF6FD /* Build configuration list for PBXNativeTarget "SSLServer" */;
			buildPhases = (
				42AEDA851C3455FC009DF6FD /* Sources */,
				42AEDA861C3455FC009DF6FD /* Frameworks */,
				42AEDA871C3455FC009DF6FD /* CopyFiles */,
			);
			buildRules = (
			);
			dependencies = (
				42FE81C21C3D246A00198C1C /* PBXTargetDependency */,
			);
			name = SSLServer;
			productName = SSLServer;
			productReference = 42AEDA891C3455FC009DF6FD /* SSLServer */;
			productType = "com.apple.product-type.tool";
		};
		42C5DF541C2B11620038A3D9 /* serverRecord */ = {
			isa = PBXNativeTarget;
			buildConfigurationList = 42C5DF5B1C2B11630038A3D9 /* Build configuration list for PBXNativeTarget "serverRecord" */;
			buildPhases = (
				42C5DF511C2B11620038A3D9 /* Sources */,
				42C5DF521C2B11620038A3D9 /* Frameworks */,
				42C5DF531C2B11620038A3D9 /* CopyFiles */,
			);
			buildRules = (
			);
			dependencies = (
			);
			name = serverRecord;
			productName = serverRecord;
			productReference = 42C5DF551C2B11620038A3D9 /* serverRecord */;
			productType = "com.apple.product-type.tool";
		};
		42C5DF5F1C2B11870038A3D9 /* clientRecord */ = {
			isa = PBXNativeTarget;
			buildConfigurationList = 42C5DF641C2B11870038A3D9 /* Build configuration list for PBXNativeTarget "clientRecord" */;
			buildPhases = (
				42C5DF5C1C2B11870038A3D9 /* Sources */,
				42C5DF5D1C2B11870038A3D9 /* Frameworks */,
				42C5DF5E1C2B11870038A3D9 /* CopyFiles */,
			);
			buildRules = (
			);
			dependencies = (
			);
			name = clientRecord;
			productName = clientRecord;
			productReference = 42C5DF601C2B11870038A3D9 /* clientRecord */;
			productType = "com.apple.product-type.tool";
		};
		42C5DF7F1C2BEE7A0038A3D9 /* serverHandshake */ = {
			isa = PBXNativeTarget;
			buildConfigurationList = 42C5DF841C2BEE7A0038A3D9 /* Build configuration list for PBXNativeTarget "serverHandshake" */;
			buildPhases = (
				42C5DF7C1C2BEE7A0038A3D9 /* Sources */,
				42C5DF7D1C2BEE7A0038A3D9 /* Frameworks */,
				42C5DF7E1C2BEE7A0038A3D9 /* CopyFiles */,
			);
			buildRules = (
			);
			dependencies = (
			);
			name = serverHandshake;
			productName = serverHandshake;
			productReference = 42C5DF801C2BEE7A0038A3D9 /* serverHandshake */;
			productType = "com.apple.product-type.tool";
		};
		42DF50121C32946E00DD7E20 /* certificateTest */ = {
			isa = PBXNativeTarget;
			buildConfigurationList = 42DF50191C32946E00DD7E20 /* Build configuration list for PBXNativeTarget "certificateTest" */;
			buildPhases = (
				42DF500F1C32946E00DD7E20 /* Sources */,
				42DF50101C32946E00DD7E20 /* Frameworks */,
				42DF50111C32946E00DD7E20 /* CopyFiles */,
			);
			buildRules = (
			);
			dependencies = (
			);
			name = certificateTest;
			productName = certificateTest;
			productReference = 42DF50131C32946E00DD7E20 /* certificateTest */;
			productType = "com.apple.product-type.tool";
		};
		42F9F82D1C2AEA8600270B8C /* clientBasic */ = {
			isa = PBXNativeTarget;
			buildConfigurationList = 42F9F8321C2AEA8600270B8C /* Build configuration list for PBXNativeTarget "clientBasic" */;
			buildPhases = (
				42F9F82A1C2AEA8600270B8C /* Sources */,
				42F9F82B1C2AEA8600270B8C /* Frameworks */,
				42F9F82C1C2AEA8600270B8C /* CopyFiles */,
			);
			buildRules = (
			);
			dependencies = (
			);
			name = clientBasic;
			productName = testClient;
			productReference = 42F9F82E1C2AEA8600270B8C /* clientBasic */;
			productType = "com.apple.product-type.tool";
		};
		42F9F8381C2AEAA100270B8C /* serverBasic */ = {
			isa = PBXNativeTarget;
			buildConfigurationList = 42F9F83D1C2AEAA100270B8C /* Build configuration list for PBXNativeTarget "serverBasic" */;
			buildPhases = (
				42F9F8351C2AEAA100270B8C /* Sources */,
				42F9F8361C2AEAA100270B8C /* Frameworks */,
				42F9F8371C2AEAA100270B8C /* CopyFiles */,
			);
			buildRules = (
			);
			dependencies = (
			);
			name = serverBasic;
			productName = testServer;
			productReference = 42F9F8391C2AEAA100270B8C /* serverBasic */;
			productType = "com.apple.product-type.tool";
		};
/* End PBXNativeTarget section */

/* Begin PBXProject section */
		42F9F8081C2AE4AB00270B8C /* Project object */ = {
			isa = PBXProject;
			attributes = {
				LastUpgradeCheck = 0720;
				ORGANIZATIONNAME = Darka;
				TargetAttributes = {
					4211400C1C3050B800122E20 = {
						CreatedOnToolsVersion = 7.2;
					};
					42AEDA7D1C3455F2009DF6FD = {
						CreatedOnToolsVersion = 7.2;
					};
					42AEDA881C3455FC009DF6FD = {
						CreatedOnToolsVersion = 7.2;
					};
					42C5DF541C2B11620038A3D9 = {
						CreatedOnToolsVersion = 7.2;
					};
					42C5DF5F1C2B11870038A3D9 = {
						CreatedOnToolsVersion = 7.2;
					};
					42C5DF7F1C2BEE7A0038A3D9 = {
						CreatedOnToolsVersion = 7.2;
					};
					42DF50121C32946E00DD7E20 = {
						CreatedOnToolsVersion = 7.2;
					};
					42F9F82D1C2AEA8600270B8C = {
						CreatedOnToolsVersion = 7.2;
					};
					42F9F8381C2AEAA100270B8C = {
						CreatedOnToolsVersion = 7.2;
					};
				};
			};
			buildConfigurationList = 42F9F80B1C2AE4AB00270B8C /* Build configuration list for PBXProject "SSLXcodeProject" */;
			compatibilityVersion = "Xcode 3.2";
			developmentRegion = English;
			hasScannedForEncodings = 0;
			knownRegions = (
				en,
			);
			mainGroup = 42F9F8071C2AE4AB00270B8C;
			productRefGroup = 42F9F8111C2AE4AB00270B8C /* Products */;
			projectDirPath = "";
			projectRoot = "";
			targets = (
				42F9F82D1C2AEA8600270B8C /* clientBasic */,
				42F9F8381C2AEAA100270B8C /* serverBasic */,
				42C5DF541C2B11620038A3D9 /* serverRecord */,
				42C5DF5F1C2B11870038A3D9 /* clientRecord */,
				42C5DF7F1C2BEE7A0038A3D9 /* serverHandshake */,
				4211400C1C3050B800122E20 /* clientHandshake */,
				42DF50121C32946E00DD7E20 /* certificateTest */,
				42AEDA7D1C3455F2009DF6FD /* SSLClient */,
				42AEDA881C3455FC009DF6FD /* SSLServer */,
			);
		};
/* End PBXProject section */

/* Begin PBXSourcesBuildPhase section */
		421140091C3050B800122E20 /* Sources */ = {
			isa = PBXSourcesBuildPhase;
			buildActionMask = 2147483647;
			files = (
				42420B721C31AC00002C0585 /* Certificate.c in Sources */,
				42420B731C31AC00002C0585 /* ServerClientHello.c in Sources */,
				42420B741C31AC00002C0585 /* ServerClientBasic.c in Sources */,
				42420B751C31AC00002C0585 /* ServerClientHandshakeProtocol.c in Sources */,
				42420B761C31AC00002C0585 /* ServerClientRecordProtocol.c in Sources */,
				42420B771C31AC00002C0585 /* clientHandshake.c in Sources */,
			);
			runOnlyForDeploymentPostprocessing = 0;
		};
		42AEDA7A1C3455F2009DF6FD /* Sources */ = {
			isa = PBXSourcesBuildPhase;
			buildActionMask = 2147483647;
			files = (
				42AEDA9C1C350CC0009DF6FD /* Certificate.c in Sources */,
				42AEDAAE1C3543CA009DF6FD /* SSLClient.c in Sources */,
				42AEDA9D1C350CC0009DF6FD /* ServerClientHello.c in Sources */,
				4232A4361C3D09D800A284BB /* ClientKeyExchange.c in Sources */,
				42AEDA9E1C350CC0009DF6FD /* ServerClientBasic.c in Sources */,
				42AEDA9F1C350CC0009DF6FD /* ServerClientHandshakeProtocol.c in Sources */,
				42AEDAA01C350CC0009DF6FD /* ServerClientRecordProtocol.c in Sources */,
			);
			runOnlyForDeploymentPostprocessing = 0;
		};
		42AEDA851C3455FC009DF6FD /* Sources */ = {
			isa = PBXSourcesBuildPhase;
			buildActionMask = 2147483647;
			files = (
				4232A4371C3D1BDD00A284BB /* ClientKeyExchange.c in Sources */,
				42AEDA971C34561E009DF6FD /* Certificate.c in Sources */,
				42AEDA981C34561E009DF6FD /* ServerClientHello.c in Sources */,
				42AEDA991C34561E009DF6FD /* ServerClientBasic.c in Sources */,
				42AEDA9A1C34561E009DF6FD /* ServerClientHandshakeProtocol.c in Sources */,
				42AEDA9B1C34561E009DF6FD /* ServerClientRecordProtocol.c in Sources */,
				42AEDAB01C3543D1009DF6FD /* SSLServer.c in Sources */,
			);
			runOnlyForDeploymentPostprocessing = 0;
		};
		42C5DF511C2B11620038A3D9 /* Sources */ = {
			isa = PBXSourcesBuildPhase;
			buildActionMask = 2147483647;
			files = (
				42420B651C31ABE5002C0585 /* serverRecord.c in Sources */,
				42420B601C31ABD8002C0585 /* Certificate.c in Sources */,
				42420B611C31ABD8002C0585 /* ServerClientHello.c in Sources */,
				42420B621C31ABD8002C0585 /* ServerClientBasic.c in Sources */,
				42420B631C31ABD8002C0585 /* ServerClientHandshakeProtocol.c in Sources */,
				42420B641C31ABD8002C0585 /* ServerClientRecordProtocol.c in Sources */,
			);
			runOnlyForDeploymentPostprocessing = 0;
		};
		42C5DF5C1C2B11870038A3D9 /* Sources */ = {
			isa = PBXSourcesBuildPhase;
			buildActionMask = 2147483647;
			files = (
				42420B661C31ABEF002C0585 /* Certificate.c in Sources */,
				42420B671C31ABEF002C0585 /* ServerClientHello.c in Sources */,
				42420B681C31ABEF002C0585 /* ServerClientBasic.c in Sources */,
				42420B691C31ABEF002C0585 /* ServerClientHandshakeProtocol.c in Sources */,
				42420B6A1C31ABEF002C0585 /* ServerClientRecordProtocol.c in Sources */,
				42420B6B1C31ABEF002C0585 /* clientRecord.c in Sources */,
			);
			runOnlyForDeploymentPostprocessing = 0;
		};
		42C5DF7C1C2BEE7A0038A3D9 /* Sources */ = {
			isa = PBXSourcesBuildPhase;
			buildActionMask = 2147483647;
			files = (
				42420B6C1C31ABF8002C0585 /* Certificate.c in Sources */,
				42420B6D1C31ABF8002C0585 /* ServerClientHello.c in Sources */,
				42420B6E1C31ABF8002C0585 /* ServerClientBasic.c in Sources */,
				42420B6F1C31ABF8002C0585 /* ServerClientHandshakeProtocol.c in Sources */,
				42420B701C31ABF8002C0585 /* ServerClientRecordProtocol.c in Sources */,
				42420B711C31ABF8002C0585 /* serverHandshake.c in Sources */,
			);
			runOnlyForDeploymentPostprocessing = 0;
		};
		42DF500F1C32946E00DD7E20 /* Sources */ = {
			isa = PBXSourcesBuildPhase;
			buildActionMask = 2147483647;
			files = (
				42D5D7C01C3B0A8D007E67E7 /* testCertificate.c in Sources */,
				427681A81C32AE7100B075EB /* Certificate.c in Sources */,
				427681A91C32AE7100B075EB /* ServerClientHello.c in Sources */,
				427681AA1C32AE7100B075EB /* ServerClientBasic.c in Sources */,
				427681AB1C32AE7100B075EB /* ServerClientHandshakeProtocol.c in Sources */,
				427681AC1C32AE7100B075EB /* ServerClientRecordProtocol.c in Sources */,
			);
			runOnlyForDeploymentPostprocessing = 0;
		};
		42F9F82A1C2AEA8600270B8C /* Sources */ = {
			isa = PBXSourcesBuildPhase;
			buildActionMask = 2147483647;
			files = (
				42420B351C31A7E2002C0585 /* clientBasic.c in Sources */,
				42420B321C31A7DB002C0585 /* ServerClientBasic.c in Sources */,
			);
			runOnlyForDeploymentPostprocessing = 0;
		};
		42F9F8351C2AEAA100270B8C /* Sources */ = {
			isa = PBXSourcesBuildPhase;
			buildActionMask = 2147483647;
			files = (
				42420B5F1C31ABC0002C0585 /* serverBasic.c in Sources */,
				42420B5C1C31ABBA002C0585 /* ServerClientBasic.c in Sources */,
			);
			runOnlyForDeploymentPostprocessing = 0;
		};
/* End PBXSourcesBuildPhase section */

/* Begin PBXTargetDependency section */
		42FE81C21C3D246A00198C1C /* PBXTargetDependency */ = {
			isa = PBXTargetDependency;
			target = 42AEDA7D1C3455F2009DF6FD /* SSLClient */;
			targetProxy = 42FE81C11C3D246A00198C1C /* PBXContainerItemProxy */;
		};
		42FE81C41C3D247800198C1C /* PBXTargetDependency */ = {
			isa = PBXTargetDependency;
			target = 42AEDA881C3455FC009DF6FD /* SSLServer */;
			targetProxy = 42FE81C31C3D247800198C1C /* PBXContainerItemProxy */;
		};
/* End PBXTargetDependency section */

/* Begin XCBuildConfiguration section */
		421140121C3050B800122E20 /* Debug */ = {
			isa = XCBuildConfiguration;
			buildSettings = {
				PRODUCT_NAME = "$(TARGET_NAME)";
			};
			name = Debug;
		};
		421140131C3050B800122E20 /* Release */ = {
			isa = XCBuildConfiguration;
			buildSettings = {
				PRODUCT_NAME = "$(TARGET_NAME)";
			};
			name = Release;
		};
		42AEDA831C3455F2009DF6FD /* Debug */ = {
			isa = XCBuildConfiguration;
			buildSettings = {
				PRODUCT_NAME = "$(TARGET_NAME)";
			};
			name = Debug;
		};
		42AEDA841C3455F2009DF6FD /* Release */ = {
			isa = XCBuildConfiguration;
			buildSettings = {
				PRODUCT_NAME = "$(TARGET_NAME)";
			};
			name = Release;
		};
		42AEDA8E1C3455FC009DF6FD /* Debug */ = {
			isa = XCBuildConfiguration;
			buildSettings = {
				PRODUCT_NAME = "$(TARGET_NAME)";
			};
			name = Debug;
		};
		42AEDA8F1C3455FC009DF6FD /* Release */ = {
			isa = XCBuildConfiguration;
			buildSettings = {
				PRODUCT_NAME = "$(TARGET_NAME)";
			};
			name = Release;
		};
		42C5DF591C2B11630038A3D9 /* Debug */ = {
			isa = XCBuildConfiguration;
			buildSettings = {
				PRODUCT_NAME = "$(TARGET_NAME)";
			};
			name = Debug;
		};
		42C5DF5A1C2B11630038A3D9 /* Release */ = {
			isa = XCBuildConfiguration;
			buildSettings = {
				PRODUCT_NAME = "$(TARGET_NAME)";
			};
			name = Release;
		};
		42C5DF651C2B11870038A3D9 /* Debug */ = {
			isa = XCBuildConfiguration;
			buildSettings = {
				PRODUCT_NAME = "$(TARGET_NAME)";
			};
			name = Debug;
		};
		42C5DF661C2B11870038A3D9 /* Release */ = {
			isa = XCBuildConfiguration;
			buildSettings = {
				PRODUCT_NAME = "$(TARGET_NAME)";
			};
			name = Release;
		};
		42C5DF851C2BEE7A0038A3D9 /* Debug */ = {
			isa = XCBuildConfiguration;
			buildSettings = {
				PRODUCT_NAME = "$(TARGET_NAME)";
			};
			name = Debug;
		};
		42C5DF861C2BEE7A0038A3D9 /* Release */ = {
			isa = XCBuildConfiguration;
			buildSettings = {
				PRODUCT_NAME = "$(TARGET_NAME)";
			};
			name = Release;
		};
		42DF50171C32946E00DD7E20 /* Debug */ = {
			isa = XCBuildConfiguration;
			buildSettings = {
				HEADER_SEARCH_PATHS = "/usr/local/opt/openssl/include/**";
				OTHER_CFLAGS = "-I/usr/local/opt/openssl/include";
				OTHER_LDFLAGS = (
					"-lssl",
					"-lcrypto",
					"-L/usr/local/opt/openssl/lib",
				);
				PRODUCT_NAME = "$(TARGET_NAME)";
				USER_HEADER_SEARCH_PATHS = "/usr/local/opt/openssl/include include/**";
			};
			name = Debug;
		};
		42DF50181C32946E00DD7E20 /* Release */ = {
			isa = XCBuildConfiguration;
			buildSettings = {
				HEADER_SEARCH_PATHS = "/usr/local/opt/openssl/include/**";
				OTHER_CFLAGS = "-I/usr/local/opt/openssl/include";
				OTHER_LDFLAGS = (
					"-lssl",
					"-lcrypto",
					"-L/usr/local/opt/openssl/lib",
				);
				PRODUCT_NAME = "$(TARGET_NAME)";
				USER_HEADER_SEARCH_PATHS = "/usr/local/opt/openssl/include include/**";
			};
			name = Release;
		};
		42F9F8151C2AE4AB00270B8C /* Debug */ = {
			isa = XCBuildConfiguration;
			buildSettings = {
				ALWAYS_SEARCH_USER_PATHS = NO;
				CLANG_CXX_LANGUAGE_STANDARD = "gnu++0x";
				CLANG_CXX_LIBRARY = "libc++";
				CLANG_ENABLE_MODULES = YES;
				CLANG_ENABLE_OBJC_ARC = YES;
				CLANG_WARN_BOOL_CONVERSION = YES;
				CLANG_WARN_CONSTANT_CONVERSION = YES;
				CLANG_WARN_DIRECT_OBJC_ISA_USAGE = YES_ERROR;
				CLANG_WARN_EMPTY_BODY = YES;
				CLANG_WARN_ENUM_CONVERSION = YES;
				CLANG_WARN_INT_CONVERSION = YES;
				CLANG_WARN_OBJC_ROOT_CLASS = YES_ERROR;
				CLANG_WARN_UNREACHABLE_CODE = YES;
				CLANG_WARN__DUPLICATE_METHOD_MATCH = YES;
				CODE_SIGN_IDENTITY = "-";
				COPY_PHASE_STRIP = NO;
				DEBUG_INFORMATION_FORMAT = dwarf;
				ENABLE_STRICT_OBJC_MSGSEND = YES;
				ENABLE_TESTABILITY = YES;
				GCC_C_LANGUAGE_STANDARD = gnu99;
				GCC_DYNAMIC_NO_PIC = NO;
				GCC_NO_COMMON_BLOCKS = YES;
				GCC_OPTIMIZATION_LEVEL = 0;
				GCC_PREPROCESSOR_DEFINITIONS = (
					"DEBUG=1",
					"$(inherited)",
				);
				GCC_WARN_64_TO_32_BIT_CONVERSION = YES;
				GCC_WARN_ABOUT_RETURN_TYPE = YES_ERROR;
				GCC_WARN_UNDECLARED_SELECTOR = YES;
				GCC_WARN_UNINITIALIZED_AUTOS = YES_AGGRESSIVE;
				GCC_WARN_UNUSED_FUNCTION = YES;
				GCC_WARN_UNUSED_VARIABLE = YES;
				HEADER_SEARCH_PATHS = (
					"include/**",
					usr/local/opt/openssl/include,
				);
				MACOSX_DEPLOYMENT_TARGET = 10.11;
				MTL_ENABLE_DEBUG_INFO = YES;
				ONLY_ACTIVE_ARCH = YES;
				OTHER_CFLAGS = "-I/usr/local/opt/openssl/include";
				OTHER_LDFLAGS = (
					"-lssl",
					"-lcrypto",
					"-L/usr/local/opt/openssl/lib",
				);
				SDKROOT = macosx;
				USER_HEADER_SEARCH_PATHS = "include/**";
			};
			name = Debug;
		};
		42F9F8161C2AE4AB00270B8C /* Release */ = {
			isa = XCBuildConfiguration;
			buildSettings = {
				ALWAYS_SEARCH_USER_PATHS = NO;
				CLANG_CXX_LANGUAGE_STANDARD = "gnu++0x";
				CLANG_CXX_LIBRARY = "libc++";
				CLANG_ENABLE_MODULES = YES;
				CLANG_ENABLE_OBJC_ARC = YES;
				CLANG_WARN_BOOL_CONVERSION = YES;
				CLANG_WARN_CONSTANT_CONVERSION = YES;
				CLANG_WARN_DIRECT_OBJC_ISA_USAGE = YES_ERROR;
				CLANG_WARN_EMPTY_BODY = YES;
				CLANG_WARN_ENUM_CONVERSION = YES;
				CLANG_WARN_INT_CONVERSION = YES;
				CLANG_WARN_OBJC_ROOT_CLASS = YES_ERROR;
				CLANG_WARN_UNREACHABLE_CODE = YES;
				CLANG_WARN__DUPLICATE_METHOD_MATCH = YES;
				CODE_SIGN_IDENTITY = "-";
				COPY_PHASE_STRIP = NO;
				DEBUG_INFORMATION_FORMAT = "dwarf-with-dsym";
				ENABLE_NS_ASSERTIONS = NO;
				ENABLE_STRICT_OBJC_MSGSEND = YES;
				GCC_C_LANGUAGE_STANDARD = gnu99;
				GCC_NO_COMMON_BLOCKS = YES;
				GCC_WARN_64_TO_32_BIT_CONVERSION = YES;
				GCC_WARN_ABOUT_RETURN_TYPE = YES_ERROR;
				GCC_WARN_UNDECLARED_SELECTOR = YES;
				GCC_WARN_UNINITIALIZED_AUTOS = YES_AGGRESSIVE;
				GCC_WARN_UNUSED_FUNCTION = YES;
				GCC_WARN_UNUSED_VARIABLE = YES;
				HEADER_SEARCH_PATHS = (
					"include/**",
					usr/local/opt/openssl/include,
				);
				MACOSX_DEPLOYMENT_TARGET = 10.11;
				MTL_ENABLE_DEBUG_INFO = NO;
				OTHER_CFLAGS = "-I/usr/local/opt/openssl/include";
				OTHER_LDFLAGS = (
					"-lssl",
					"-lcrypto",
					"-L/usr/local/opt/openssl/lib",
				);
				SDKROOT = macosx;
				USER_HEADER_SEARCH_PATHS = "include/**";
			};
			name = Release;
		};
		42F9F8331C2AEA8600270B8C /* Debug */ = {
			isa = XCBuildConfiguration;
			buildSettings = {
				ALWAYS_SEARCH_USER_PATHS = YES;
				HEADER_SEARCH_PATHS = include;
				OTHER_CFLAGS = "";
				PRECOMPS_INCLUDE_HEADERS_FROM_BUILT_PRODUCTS_DIR = NO;
				PRODUCT_NAME = "$(TARGET_NAME)";
				SCAN_ALL_SOURCE_FILES_FOR_INCLUDES = YES;
				USER_HEADER_SEARCH_PATHS = include;
			};
			name = Debug;
		};
		42F9F8341C2AEA8600270B8C /* Release */ = {
			isa = XCBuildConfiguration;
			buildSettings = {
				ALWAYS_SEARCH_USER_PATHS = YES;
				HEADER_SEARCH_PATHS = include;
				OTHER_CFLAGS = "";
				PRECOMPS_INCLUDE_HEADERS_FROM_BUILT_PRODUCTS_DIR = NO;
				PRODUCT_NAME = "$(TARGET_NAME)";
				SCAN_ALL_SOURCE_FILES_FOR_INCLUDES = YES;
				USER_HEADER_SEARCH_PATHS = include;
			};
			name = Release;
		};
		42F9F83E1C2AEAA100270B8C /* Debug */ = {
			isa = XCBuildConfiguration;
			buildSettings = {
				PRODUCT_NAME = "$(TARGET_NAME)";
			};
			name = Debug;
		};
		42F9F83F1C2AEAA100270B8C /* Release */ = {
			isa = XCBuildConfiguration;
			buildSettings = {
				PRODUCT_NAME = "$(TARGET_NAME)";
			};
			name = Release;
		};
/* End XCBuildConfiguration section */

/* Begin XCConfigurationList section */
		421140111C3050B800122E20 /* Build configuration list for PBXNativeTarget "clientHandshake" */ = {
			isa = XCConfigurationList;
			buildConfigurations = (
				421140121C3050B800122E20 /* Debug */,
				421140131C3050B800122E20 /* Release */,
			);
			defaultConfigurationIsVisible = 0;
			defaultConfigurationName = Release;
		};
		42AEDA821C3455F2009DF6FD /* Build configuration list for PBXNativeTarget "SSLClient" */ = {
			isa = XCConfigurationList;
			buildConfigurations = (
				42AEDA831C3455F2009DF6FD /* Debug */,
				42AEDA841C3455F2009DF6FD /* Release */,
			);
			defaultConfigurationIsVisible = 0;
			defaultConfigurationName = Release;
		};
		42AEDA8D1C3455FC009DF6FD /* Build configuration list for PBXNativeTarget "SSLServer" */ = {
			isa = XCConfigurationList;
			buildConfigurations = (
				42AEDA8E1C3455FC009DF6FD /* Debug */,
				42AEDA8F1C3455FC009DF6FD /* Release */,
			);
			defaultConfigurationIsVisible = 0;
			defaultConfigurationName = Release;
		};
		42C5DF5B1C2B11630038A3D9 /* Build configuration list for PBXNativeTarget "serverRecord" */ = {
			isa = XCConfigurationList;
			buildConfigurations = (
				42C5DF591C2B11630038A3D9 /* Debug */,
				42C5DF5A1C2B11630038A3D9 /* Release */,
			);
			defaultConfigurationIsVisible = 0;
			defaultConfigurationName = Release;
		};
		42C5DF641C2B11870038A3D9 /* Build configuration list for PBXNativeTarget "clientRecord" */ = {
			isa = XCConfigurationList;
			buildConfigurations = (
				42C5DF651C2B11870038A3D9 /* Debug */,
				42C5DF661C2B11870038A3D9 /* Release */,
			);
			defaultConfigurationIsVisible = 0;
			defaultConfigurationName = Release;
		};
		42C5DF841C2BEE7A0038A3D9 /* Build configuration list for PBXNativeTarget "serverHandshake" */ = {
			isa = XCConfigurationList;
			buildConfigurations = (
				42C5DF851C2BEE7A0038A3D9 /* Debug */,
				42C5DF861C2BEE7A0038A3D9 /* Release */,
			);
			defaultConfigurationIsVisible = 0;
			defaultConfigurationName = Release;
		};
		42DF50191C32946E00DD7E20 /* Build configuration list for PBXNativeTarget "certificateTest" */ = {
			isa = XCConfigurationList;
			buildConfigurations = (
				42DF50171C32946E00DD7E20 /* Debug */,
				42DF50181C32946E00DD7E20 /* Release */,
			);
			defaultConfigurationIsVisible = 0;
			defaultConfigurationName = Release;
		};
		42F9F80B1C2AE4AB00270B8C /* Build configuration list for PBXProject "SSLXcodeProject" */ = {
			isa = XCConfigurationList;
			buildConfigurations = (
				42F9F8151C2AE4AB00270B8C /* Debug */,
				42F9F8161C2AE4AB00270B8C /* Release */,
			);
			defaultConfigurationIsVisible = 0;
			defaultConfigurationName = Release;
		};
		42F9F8321C2AEA8600270B8C /* Build configuration list for PBXNativeTarget "clientBasic" */ = {
			isa = XCConfigurationList;
			buildConfigurations = (
				42F9F8331C2AEA8600270B8C /* Debug */,
				42F9F8341C2AEA8600270B8C /* Release */,
			);
			defaultConfigurationIsVisible = 0;
			defaultConfigurationName = Release;
		};
		42F9F83D1C2AEAA100270B8C /* Build configuration list for PBXNativeTarget "serverBasic" */ = {
			isa = XCConfigurationList;
			buildConfigurations = (
				42F9F83E1C2AEAA100270B8C /* Debug */,
				42F9F83F1C2AEAA100270B8C /* Release */,
			);
			defaultConfigurationIsVisible = 0;
			defaultConfigurationName = Release;
		};
/* End XCConfigurationList section */
	};
	rootObject = 42F9F8081C2AE4AB00270B8C /* Project object */;
}
